version = 1
requires-python = ">=3.9"
resolution-markers = [
    "python_full_version >= '3.13'",
    "python_full_version < '3.13'",
]

[[package]]
name = "mininet"
version = "2.3.0.dev6"
source = { registry = "https://pypi.org/simple" }
dependencies = [
    { name = "setuptools" },
]
sdist = { url = "https://files.pythonhosted.org/packages/0c/18/8b324a3f81f342c4d47ce63dde87bee79d68e248843ee2fb1cc59a1f7cb7/mininet-2.3.0.dev6.tar.gz", hash = "sha256:4d93983ab2709bf39764006d85b60b6ce1ee8897f8ebf1c3f848b7840f0632b8", size = 132034 }
wheels = [
    { url = "https://files.pythonhosted.org/packages/3b/28/84a4ec5e4f018b67196f73b8152f1020de764fe5d37c201b36fe785e45d9/mininet-2.3.0.dev6-py2.py3-none-any.whl", hash = "sha256:2175d04efa37dd6df86d1ff80e1f55d0d388c0edd0c8f0fc467c52a72799a85b", size = 152007 },
]

[[package]]
name = "mininet-config"
version = "0.1.0"
source = { virtual = "." }
dependencies = [
    { name = "mininet" },
    { name = "pip" },
    { name = "setuptools" },
]

[package.metadata]
requires-dist = [
    { name = "mininet", specifier = ">=2.3.0.dev6" },
    { name = "pip", specifier = "==20.3.4" },
    { name = "setuptools", specifier = "==67.6.1" },
]

[[package]]
name = "pip"
version = "20.3.4"
source = { registry = "https://pypi.org/simple" }
sdist = { url = "https://files.pythonhosted.org/packages/53/7f/55721ad0501a9076dbc354cc8c63ffc2d6f1ef360f49ad0fbcce19d68538/pip-20.3.4.tar.gz", hash = "sha256:6773934e5f5fc3eaa8c5a44949b5b924fc122daa0a8aa9f80c835b4ca2a543fc", size = 1530646 }
wheels = [
    { url = "https://files.pythonhosted.org/packages/27/79/8a850fe3496446ff0d584327ae44e7500daf6764ca1a382d2d02789accf7/pip-20.3.4-py2.py3-none-any.whl", hash = "sha256:217ae5161a0e08c0fb873858806e3478c9775caffce5168b50ec885e358c199d", size = 1522101 },
]

[[package]]
name = "setuptools"
version = "67.6.1"
source = { registry = "https://pypi.org/simple" }
sdist = { url = "https://files.pythonhosted.org/packages/cb/46/22ec35f286a77e6b94adf81b4f0d59f402ed981d4251df0ba7b992299146/setuptools-67.6.1.tar.gz", hash = "sha256:257de92a9d50a60b8e22abfcbb771571fde0dbf3ec234463212027a4eeecbe9a", size = 2486256 }
wheels = [
    { url = "https://files.pythonhosted.org/packages/0b/fc/8781442def77b0aa22f63f266d4dadd486ebc0c5371d6290caf4320da4b7/setuptools-67.6.1-py3-none-any.whl", hash = "sha256:e728ca814a823bf7bf60162daf9db95b93d532948c4c0bea762ce62f60189078", size = 1089263 },
]
